langcode: en
status: true
dependencies:
  content:
    - 'block_content:modal_welcome:block-oiko-welcome_tour'
  module:
    - block_content
    - system
  theme:
    - oiko
id: welcomeblock
theme: oiko
region: content
weight: -8
provider: null
plugin: 'block_content:block-oiko-welcome_tour'
settings:
  id: 'block_content:block-oiko-welcome_tour'
  label: Welcome
  provider: block_content
  label_display: visible
  status: true
  info: ''
  view_mode: full
visibility:
  request_path:
    id: request_path
    pages: "<front>\r\n/cidoc-entity/*"
    negate: false
    context_mapping: {  }
