uuid: 63e6e009-4a6c-4a6c-9168-dcf0f3832188
langcode: en
status: true
dependencies:
  module:
    - oiko_forum
  theme:
    - oiko
id: userloggedoutheaderblock
theme: oiko
region: user_header
weight: 0
provider: null
plugin: user_logged_out
settings:
  id: user_logged_out
  label: 'User login/register'
  label_display: visible
  provider: oiko_forum
visibility: {  }
