uuid: 78da2c43-2691-43e1-a9d0-8d4bfda2f9fa
langcode: en
status: false
dependencies:
  module:
    - oiko_forum
  theme:
    - medmus
id: medmus_discussionnotificationsblock
theme: medmus
region: user_header
weight: -8
provider: null
plugin: discussion_notifcations
settings:
  id: discussion_notifcations
  label: Discussions
  provider: oiko_forum
  label_display: visible
visibility: {  }
